
Microsoft Visual Studio Solution File, Format Version 12.00
# Visual Studio 14
VisualStudioVersion = 14.0.25420.1
MinimumVisualStudioVersion = 10.0.40219.1
Project("{FAE04EC0-301F-11D3-BF4B-00C04F79EFBC}") = "WebAPIDemo", "WebAPIDemo\WebAPIDemo.csproj", "{2B13A85C-B886-472E-B680-D8081498D6EA}"
EndProject
Project("{FAE04EC0-301F-11D3-BF4B-00C04F79EFBC}") = "EmployeeDataAccess", "EmployeeDataAccess\EmployeeDataAccess.csproj", "{B71624D6-56AE-40AB-91DB-122DD4B78A13}"
EndProject
Global
	GlobalSection(SolutionConfigurationPlatforms) = preSolution
		Debug|Any CPU = Debug|Any CPU
		Release|Any CPU = Release|Any CPU
	EndGlobalSection
	GlobalSection(ProjectConfigurationPlatforms) = postSolution
		{2B13A85C-B886-472E-B680-D8081498D6EA}.Debug|Any CPU.ActiveCfg = Debug|Any CPU
		{2B13A85C-B886-472E-B680-D8081498D6EA}.Debug|Any CPU.Build.0 = Debug|Any CPU
		{2B13A85C-B886-472E-B680-D8081498D6EA}.Release|Any CPU.ActiveCfg = Release|Any CPU
		{2B13A85C-B886-472E-B680-D8081498D6EA}.Release|Any CPU.Build.0 = Release|Any CPU
		{B71624D6-56AE-40AB-91DB-122DD4B78A13}.Debug|Any CPU.ActiveCfg = Debug|Any CPU
		{B71624D6-56AE-40AB-91DB-122DD4B78A13}.Debug|Any CPU.Build.0 = Debug|Any CPU
		{B71624D6-56AE-40AB-91DB-122DD4B78A13}.Release|Any CPU.ActiveCfg = Release|Any CPU
		{B71624D6-56AE-40AB-91DB-122DD4B78A13}.Release|Any CPU.Build.0 = Release|Any CPU
	EndGlobalSection
	GlobalSection(SolutionProperties) = preSolution
		HideSolutionNode = FALSE
	EndGlobalSection
EndGlobal
